# This file is autogenerated, do not edit; changes may be undone by the next 'dep ensure'.


[[projects]]
  name = "github.com/jessevdk/go-flags"
  packages = ["."]
  revision = "c6ca198ec95c841fdb89fc0de7496fed11ab854e"
  version = "v1.4.0"

[[projects]]
  branch = "master"
  name = "github.com/mattn/go-redmine"
  packages = ["."]
  revision = "577316da8b15b1f792157d4b009cbf3037241322"

[solve-meta]
  analyzer-name = "dep"
  analyzer-version = 1
  inputs-digest = "bb9ed47533047e32f07c89f545fbd8ac8120ecea9adf12678b55a5b81b231294"
  solver-name = "gps-cdcl"
  solver-version = 1
